
Microsoft Visual Studio Solution File, Format Version 12.00
# Visual Studio 2015
Project("{FAE04EC0-301F-11D3-BF4B-00C04F79EFBC}") = "Machine", "Machine.csproj", "{0C9D8F83-3E0A-DE33-EFE8-682E579D6929}"
EndProject
Global
	GlobalSection(SolutionConfigurationPlatforms) = preSolution
		Debug|Any CPU = Debug|Any CPU
		Release|Any CPU = Release|Any CPU
	EndGlobalSection
	GlobalSection(ProjectConfigurationPlatforms) = postSolution
		{0C9D8F83-3E0A-DE33-EFE8-682E579D6929}.Debug|Any CPU.ActiveCfg = Debug|Any CPU
		{0C9D8F83-3E0A-DE33-EFE8-682E579D6929}.Debug|Any CPU.Build.0 = Debug|Any CPU
		{0C9D8F83-3E0A-DE33-EFE8-682E579D6929}.Release|Any CPU.ActiveCfg = Release|Any CPU
		{0C9D8F83-3E0A-DE33-EFE8-682E579D6929}.Release|Any CPU.Build.0 = Release|Any CPU
	EndGlobalSection
	GlobalSection(SolutionProperties) = preSolution
		HideSolutionNode = FALSE
	EndGlobalSection
EndGlobal
